// !$*UTF8*$!
{
	archiveVersion = 1;
	classes = {
	};
	objectVersion = 56;
	objects = {

/* Begin PBXBuildFile section */
		29BCFC4628D7FF34000F4B62 /* DotaKeeperApp.swift in Sources */ = {isa = PBXBuildFile; fileRef = 29BCFC4528D7FF34000F4B62 /* DotaKeeperApp.swift */; };
		29BCFC4828D7FF34000F4B62 /* ContentView.swift in Sources */ = {isa = PBXBuildFile; fileRef = 29BCFC4728D7FF34000F4B62 /* ContentView.swift */; };
		29BCFC4A28D7FF34000F4B62 /* Assets.xcassets in Resources */ = {isa = PBXBuildFile; fileRef = 29BCFC4928D7FF34000F4B62 /* Assets.xcassets */; };
		29BCFC4D28D7FF34000F4B62 /* Preview Assets.xcassets in Resources */ = {isa = PBXBuildFile; fileRef = 29BCFC4C28D7FF34000F4B62 /* Preview Assets.xcassets */; };
		29BCFC7928D80D7E000F4B62 /* SettingsView.swift in Sources */ = {isa = PBXBuildFile; fileRef = 29BCFC7828D80D7E000F4B62 /* SettingsView.swift */; };
		29BCFC7B28D80DEC000F4B62 /* SavedView.swift in Sources */ = {isa = PBXBuildFile; fileRef = 29BCFC7A28D80DEC000F4B62 /* SavedView.swift */; };
		29BCFC7D28D80DF4000F4B62 /* ProfileView.swift in Sources */ = {isa = PBXBuildFile; fileRef = 29BCFC7C28D80DF4000F4B62 /* ProfileView.swift */; };
		29BCFC7F28D80DFC000F4B62 /* SearchView.swift in Sources */ = {isa = PBXBuildFile; fileRef = 29BCFC7E28D80DFC000F4B62 /* SearchView.swift */; };
		29BCFC8128D80E0C000F4B62 /* TopBarView.swift in Sources */ = {isa = PBXBuildFile; fileRef = 29BCFC8028D80E0C000F4B62 /* TopBarView.swift */; };
		29BCFC8328D80E13000F4B62 /* FilterView.swift in Sources */ = {isa = PBXBuildFile; fileRef = 29BCFC8228D80E13000F4B62 /* FilterView.swift */; };
		29F6B9B128DA94B700472FC1 /* Player.swift in Sources */ = {isa = PBXBuildFile; fileRef = 29F6B9B028DA94B700472FC1 /* Player.swift */; };
/* End PBXBuildFile section */

/* Begin PBXFileReference section */
		29BCFC4228D7FF34000F4B62 /* DotaKeeper.app */ = {isa = PBXFileReference; explicitFileType = wrapper.application; includeInIndex = 0; path = DotaKeeper.app; sourceTree = BUILT_PRODUCTS_DIR; };
		29BCFC4528D7FF34000F4B62 /* DotaKeeperApp.swift */ = {isa = PBXFileReference; lastKnownFileType = sourcecode.swift; path = DotaKeeperApp.swift; sourceTree = "<group>"; };
		29BCFC4728D7FF34000F4B62 /* ContentView.swift */ = {isa = PBXFileReference; lastKnownFileType = sourcecode.swift; path = ContentView.swift; sourceTree = "<group>"; };
		29BCFC4928D7FF34000F4B62 /* Assets.xcassets */ = {isa = PBXFileReference; lastKnownFileType = folder.assetcatalog; path = Assets.xcassets; sourceTree = "<group>"; };
		29BCFC4C28D7FF34000F4B62 /* Preview Assets.xcassets */ = {isa = PBXFileReference; lastKnownFileType = folder.assetcatalog; path = "Preview Assets.xcassets"; sourceTree = "<group>"; };
		29BCFC5328D8060E000F4B62 /* Info.plist */ = {isa = PBXFileReference; lastKnownFileType = text.plist.xml; path = Info.plist; sourceTree = "<group>"; };
		29BCFC7828D80D7E000F4B62 /* SettingsView.swift */ = {isa = PBXFileReference; lastKnownFileType = sourcecode.swift; path = SettingsView.swift; sourceTree = "<group>"; };
		29BCFC7A28D80DEC000F4B62 /* SavedView.swift */ = {isa = PBXFileReference; lastKnownFileType = sourcecode.swift; path = SavedView.swift; sourceTree = "<group>"; };
		29BCFC7C28D80DF4000F4B62 /* ProfileView.swift */ = {isa = PBXFileReference; lastKnownFileType = sourcecode.swift; path = ProfileView.swift; sourceTree = "<group>"; };
		29BCFC7E28D80DFC000F4B62 /* SearchView.swift */ = {isa = PBXFileReference; lastKnownFileType = sourcecode.swift; path = SearchView.swift; sourceTree = "<group>"; };
		29BCFC8028D80E0C000F4B62 /* TopBarView.swift */ = {isa = PBXFileReference; lastKnownFileType = sourcecode.swift; path = TopBarView.swift; sourceTree = "<group>"; };
		29BCFC8228D80E13000F4B62 /* FilterView.swift */ = {isa = PBXFileReference; lastKnownFileType = sourcecode.swift; path = FilterView.swift; sourceTree = "<group>"; };
		29F6B9B028DA94B700472FC1 /* Player.swift */ = {isa = PBXFileReference; lastKnownFileType = sourcecode.swift; path = Player.swift; sourceTree = "<group>"; };
/* End PBXFileReference section */

/* Begin PBXFrameworksBuildPhase section */
		29BCFC3F28D7FF34000F4B62 /* Frameworks */ = {
			isa = PBXFrameworksBuildPhase;
			buildActionMask = 2147483647;
			files = (
			);
			runOnlyForDeploymentPostprocessing = 0;
		};
/* End PBXFrameworksBuildPhase section */

/* Begin PBXGroup section */
		2984BADB28D95FB300CA2829 /* Settings */ = {
			isa = PBXGroup;
			children = (
				29BCFC7828D80D7E000F4B62 /* SettingsView.swift */,
			);
			path = Settings;
			sourceTree = "<group>";
		};
		2984BADC28D95FBC00CA2829 /* Saved */ = {
			isa = PBXGroup;
			children = (
				29BCFC7A28D80DEC000F4B62 /* SavedView.swift */,
			);
			path = Saved;
			sourceTree = "<group>";
		};
		2984BADD28D95FBF00CA2829 /* Profile */ = {
			isa = PBXGroup;
			children = (
				29BCFC7C28D80DF4000F4B62 /* ProfileView.swift */,
			);
			path = Profile;
			sourceTree = "<group>";
		};
		2984BADE28D95FC200CA2829 /* Search */ = {
			isa = PBXGroup;
			children = (
				29BCFC7E28D80DFC000F4B62 /* SearchView.swift */,
				29BCFC8228D80E13000F4B62 /* FilterView.swift */,
				29BCFC8028D80E0C000F4B62 /* TopBarView.swift */,
			);
			path = Search;
			sourceTree = "<group>";
		};
		2984BADF28D95FD200CA2829 /* Glossary */ = {
			isa = PBXGroup;
			children = (
			);
			path = Glossary;
			sourceTree = "<group>";
		};
		2984BAE028D960ED00CA2829 /* Configuration */ = {
			isa = PBXGroup;
			children = (
			);
			path = Configuration;
			sourceTree = "<group>";
		};
		29BCFC3928D7FF34000F4B62 = {
			isa = PBXGroup;
			children = (
				29BCFC4428D7FF34000F4B62 /* DotaKeeper */,
				29BCFC4328D7FF34000F4B62 /* Products */,
			);
			sourceTree = "<group>";
		};
		29BCFC4328D7FF34000F4B62 /* Products */ = {
			isa = PBXGroup;
			children = (
				29BCFC4228D7FF34000F4B62 /* DotaKeeper.app */,
			);
			name = Products;
			sourceTree = "<group>";
		};
		29BCFC4428D7FF34000F4B62 /* DotaKeeper */ = {
			isa = PBXGroup;
			children = (
				29F6B9B228DA94F200472FC1 /* API */,
				29BCFC5328D8060E000F4B62 /* Info.plist */,
				29BCFC4728D7FF34000F4B62 /* ContentView.swift */,
				29BCFC4528D7FF34000F4B62 /* DotaKeeperApp.swift */,
				2984BADF28D95FD200CA2829 /* Glossary */,
				2984BADD28D95FBF00CA2829 /* Profile */,
				2984BADE28D95FC200CA2829 /* Search */,
				2984BADC28D95FBC00CA2829 /* Saved */,
				2984BADB28D95FB300CA2829 /* Settings */,
				2984BAE028D960ED00CA2829 /* Configuration */,
				29BCFC4B28D7FF34000F4B62 /* Preview Content */,
				29BCFC4928D7FF34000F4B62 /* Assets.xcassets */,
			);
			path = DotaKeeper;
			sourceTree = "<group>";
		};
		29BCFC4B28D7FF34000F4B62 /* Preview Content */ = {
			isa = PBXGroup;
			children = (
				29BCFC4C28D7FF34000F4B62 /* Preview Assets.xcassets */,
			);
			path = "Preview Content";
			sourceTree = "<group>";
		};
		29F6B9B228DA94F200472FC1 /* API */ = {
			isa = PBXGroup;
			children = (
				29F6B9B028DA94B700472FC1 /* Player.swift */,
			);
			path = API;
			sourceTree = "<group>";
		};
/* End PBXGroup section */

/* Begin PBXNativeTarget section */
		29BCFC4128D7FF34000F4B62 /* DotaKeeper */ = {
			isa = PBXNativeTarget;
			buildConfigurationList = 29BCFC5028D7FF34000F4B62 /* Build configuration list for PBXNativeTarget "DotaKeeper" */;
			buildPhases = (
				29BCFC3E28D7FF34000F4B62 /* Sources */,
				29BCFC3F28D7FF34000F4B62 /* Frameworks */,
				29BCFC4028D7FF34000F4B62 /* Resources */,
				29BCFC8528D8110F000F4B62 /* ShellScript */,
			);
			buildRules = (
			);
			dependencies = (
			);
			name = DotaKeeper;
			productName = DotaKeeper;
			productReference = 29BCFC4228D7FF34000F4B62 /* DotaKeeper.app */;
			productType = "com.apple.product-type.application";
		};
/* End PBXNativeTarget section */

/* Begin PBXProject section */
		29BCFC3A28D7FF34000F4B62 /* Project object */ = {
			isa = PBXProject;
			attributes = {
				BuildIndependentTargetsInParallel = 1;
				LastSwiftUpdateCheck = 1400;
				LastUpgradeCheck = 1400;
				TargetAttributes = {
					29BCFC4128D7FF34000F4B62 = {
						CreatedOnToolsVersion = 14.0;
					};
				};
			};
			buildConfigurationList = 29BCFC3D28D7FF34000F4B62 /* Build configuration list for PBXProject "DotaKeeper" */;
			compatibilityVersion = "Xcode 14.0";
			developmentRegion = en;
			hasScannedForEncodings = 0;
			knownRegions = (
				en,
				Base,
			);
			mainGroup = 29BCFC3928D7FF34000F4B62;
			productRefGroup = 29BCFC4328D7FF34000F4B62 /* Products */;
			projectDirPath = "";
			projectRoot = "";
			targets = (
				29BCFC4128D7FF34000F4B62 /* DotaKeeper */,
			);
		};
/* End PBXProject section */

/* Begin PBXResourcesBuildPhase section */
		29BCFC4028D7FF34000F4B62 /* Resources */ = {
			isa = PBXResourcesBuildPhase;
			buildActionMask = 2147483647;
			files = (
				29BCFC4D28D7FF34000F4B62 /* Preview Assets.xcassets in Resources */,
				29BCFC4A28D7FF34000F4B62 /* Assets.xcassets in Resources */,
			);
			runOnlyForDeploymentPostprocessing = 0;
		};
/* End PBXResourcesBuildPhase section */

/* Begin PBXShellScriptBuildPhase section */
		29BCFC8528D8110F000F4B62 /* ShellScript */ = {
			isa = PBXShellScriptBuildPhase;
			alwaysOutOfDate = 1;
			buildActionMask = 2147483647;
			files = (
			);
			inputFileListPaths = (
			);
			inputPaths = (
			);
			outputFileListPaths = (
			);
			outputPaths = (
			);
			runOnlyForDeploymentPostprocessing = 0;
			shellPath = /bin/sh;
			shellScript = "# Type a script or drag a script file from your workspace to insert its path.\nexport PATH=\"$PATH:/opt/homebrew/bin\"\nif which swiftlint > /dev/null; then\n  swiftlint\nelse\n  echo \"warning: SwiftLint not installed, download from https://github.com/realm/SwiftLint\"\nfi\n";
		};
/* End PBXShellScriptBuildPhase section */

/* Begin PBXSourcesBuildPhase section */
		29BCFC3E28D7FF34000F4B62 /* Sources */ = {
			isa = PBXSourcesBuildPhase;
			buildActionMask = 2147483647;
			files = (
				29BCFC8128D80E0C000F4B62 /* TopBarView.swift in Sources */,
				29BCFC7B28D80DEC000F4B62 /* SavedView.swift in Sources */,
				29BCFC7928D80D7E000F4B62 /* SettingsView.swift in Sources */,
				29BCFC7D28D80DF4000F4B62 /* ProfileView.swift in Sources */,
				29BCFC8328D80E13000F4B62 /* FilterView.swift in Sources */,
				29BCFC4828D7FF34000F4B62 /* ContentView.swift in Sources */,
				29BCFC7F28D80DFC000F4B62 /* SearchView.swift in Sources */,
				29F6B9B128DA94B700472FC1 /* Player.swift in Sources */,
				29BCFC4628D7FF34000F4B62 /* DotaKeeperApp.swift in Sources */,
			);
			runOnlyForDeploymentPostprocessing = 0;
		};
/* End PBXSourcesBuildPhase section */

/* Begin XCBuildConfiguration section */
		29BCFC4E28D7FF34000F4B62 /* Debug */ = {
			isa = XCBuildConfiguration;
			buildSettings = {
				ALWAYS_SEARCH_USER_PATHS = NO;
				CLANG_ANALYZER_NONNULL = YES;
				CLANG_ANALYZER_NUMBER_OBJECT_CONVERSION = YES_AGGRESSIVE;
				CLANG_CXX_LANGUAGE_STANDARD = "gnu++20";
				CLANG_ENABLE_MODULES = YES;
				CLANG_ENABLE_OBJC_ARC = YES;
				CLANG_ENABLE_OBJC_WEAK = YES;
				CLANG_WARN_BLOCK_CAPTURE_AUTORELEASING = YES;
				CLANG_WARN_BOOL_CONVERSION = YES;
				CLANG_WARN_COMMA = YES;
				CLANG_WARN_CONSTANT_CONVERSION = YES;
				CLANG_WARN_DEPRECATED_OBJC_IMPLEMENTATIONS = YES;
				CLANG_WARN_DIRECT_OBJC_ISA_USAGE = YES_ERROR;
				CLANG_WARN_DOCUMENTATION_COMMENTS = YES;
				CLANG_WARN_EMPTY_BODY = YES;
				CLANG_WARN_ENUM_CONVERSION = YES;
				CLANG_WARN_INFINITE_RECURSION = YES;
				CLANG_WARN_INT_CONVERSION = YES;
				CLANG_WARN_NON_LITERAL_NULL_CONVERSION = YES;
				CLANG_WARN_OBJC_IMPLICIT_RETAIN_SELF = YES;
				CLANG_WARN_OBJC_LITERAL_CONVERSION = YES;
				CLANG_WARN_OBJC_ROOT_CLASS = YES_ERROR;
				CLANG_WARN_QUOTED_INCLUDE_IN_FRAMEWORK_HEADER = YES;
				CLANG_WARN_RANGE_LOOP_ANALYSIS = YES;
				CLANG_WARN_STRICT_PROTOTYPES = YES;
				CLANG_WARN_SUSPICIOUS_MOVE = YES;
				CLANG_WARN_UNGUARDED_AVAILABILITY = YES_AGGRESSIVE;
				CLANG_WARN_UNREACHABLE_CODE = YES;
				CLANG_WARN__DUPLICATE_METHOD_MATCH = YES;
				COPY_PHASE_STRIP = NO;
				DEBUG_INFORMATION_FORMAT = dwarf;
				ENABLE_STRICT_OBJC_MSGSEND = YES;
				ENABLE_TESTABILITY = YES;
				GCC_C_LANGUAGE_STANDARD = gnu11;
				GCC_DYNAMIC_NO_PIC = NO;
				GCC_NO_COMMON_BLOCKS = YES;
				GCC_OPTIMIZATION_LEVEL = 0;
				GCC_PREPROCESSOR_DEFINITIONS = (
					"DEBUG=1",
					"$(inherited)",
				);
				GCC_WARN_64_TO_32_BIT_CONVERSION = YES;
				GCC_WARN_ABOUT_RETURN_TYPE = YES_ERROR;
				GCC_WARN_UNDECLARED_SELECTOR = YES;
				GCC_WARN_UNINITIALIZED_AUTOS = YES_AGGRESSIVE;
				GCC_WARN_UNUSED_FUNCTION = YES;
				GCC_WARN_UNUSED_VARIABLE = YES;
				IPHONEOS_DEPLOYMENT_TARGET = 16.0;
				MTL_ENABLE_DEBUG_INFO = INCLUDE_SOURCE;
				MTL_FAST_MATH = YES;
				ONLY_ACTIVE_ARCH = YES;
				SDKROOT = iphoneos;
				SWIFT_ACTIVE_COMPILATION_CONDITIONS = DEBUG;
				SWIFT_OPTIMIZATION_LEVEL = "-Onone";
			};
			name = Debug;
		};
		29BCFC4F28D7FF34000F4B62 /* Release */ = {
			isa = XCBuildConfiguration;
			buildSettings = {
				ALWAYS_SEARCH_USER_PATHS = NO;
				CLANG_ANALYZER_NONNULL = YES;
				CLANG_ANALYZER_NUMBER_OBJECT_CONVERSION = YES_AGGRESSIVE;
				CLANG_CXX_LANGUAGE_STANDARD = "gnu++20";
				CLANG_ENABLE_MODULES = YES;
				CLANG_ENABLE_OBJC_ARC = YES;
				CLANG_ENABLE_OBJC_WEAK = YES;
				CLANG_WARN_BLOCK_CAPTURE_AUTORELEASING = YES;
				CLANG_WARN_BOOL_CONVERSION = YES;
				CLANG_WARN_COMMA = YES;
				CLANG_WARN_CONSTANT_CONVERSION = YES;
				CLANG_WARN_DEPRECATED_OBJC_IMPLEMENTATIONS = YES;
				CLANG_WARN_DIRECT_OBJC_ISA_USAGE = YES_ERROR;
				CLANG_WARN_DOCUMENTATION_COMMENTS = YES;
				CLANG_WARN_EMPTY_BODY = YES;
				CLANG_WARN_ENUM_CONVERSION = YES;
				CLANG_WARN_INFINITE_RECURSION = YES;
				CLANG_WARN_INT_CONVERSION = YES;
				CLANG_WARN_NON_LITERAL_NULL_CONVERSION = YES;
				CLANG_WARN_OBJC_IMPLICIT_RETAIN_SELF = YES;
				CLANG_WARN_OBJC_LITERAL_CONVERSION = YES;
				CLANG_WARN_OBJC_ROOT_CLASS = YES_ERROR;
				CLANG_WARN_QUOTED_INCLUDE_IN_FRAMEWORK_HEADER = YES;
				CLANG_WARN_RANGE_LOOP_ANALYSIS = YES;
				CLANG_WARN_STRICT_PROTOTYPES = YES;
				CLANG_WARN_SUSPICIOUS_MOVE = YES;
				CLANG_WARN_UNGUARDED_AVAILABILITY = YES_AGGRESSIVE;
				CLANG_WARN_UNREACHABLE_CODE = YES;
				CLANG_WARN__DUPLICATE_METHOD_MATCH = YES;
				COPY_PHASE_STRIP = NO;
				DEBUG_INFORMATION_FORMAT = "dwarf-with-dsym";
				ENABLE_NS_ASSERTIONS = NO;
				ENABLE_STRICT_OBJC_MSGSEND = YES;
				GCC_C_LANGUAGE_STANDARD = gnu11;
				GCC_NO_COMMON_BLOCKS = YES;
				GCC_WARN_64_TO_32_BIT_CONVERSION = YES;
				GCC_WARN_ABOUT_RETURN_TYPE = YES_ERROR;
				GCC_WARN_UNDECLARED_SELECTOR = YES;
				GCC_WARN_UNINITIALIZED_AUTOS = YES_AGGRESSIVE;
				GCC_WARN_UNUSED_FUNCTION = YES;
				GCC_WARN_UNUSED_VARIABLE = YES;
				IPHONEOS_DEPLOYMENT_TARGET = 16.0;
				MTL_ENABLE_DEBUG_INFO = NO;
				MTL_FAST_MATH = YES;
				SDKROOT = iphoneos;
				SWIFT_COMPILATION_MODE = wholemodule;
				SWIFT_OPTIMIZATION_LEVEL = "-O";
				VALIDATE_PRODUCT = YES;
			};
			name = Release;
		};
		29BCFC5128D7FF34000F4B62 /* Debug */ = {
			isa = XCBuildConfiguration;
			buildSettings = {
				ASSETCATALOG_COMPILER_APPICON_NAME = AppIcon;
				ASSETCATALOG_COMPILER_GLOBAL_ACCENT_COLOR_NAME = AccentColor;
				CODE_SIGN_STYLE = Automatic;
				CURRENT_PROJECT_VERSION = 1;
				DEVELOPMENT_ASSET_PATHS = "\"DotaKeeper/Preview Content\"";
				DEVELOPMENT_TEAM = ZH66DBG8Q7;
				ENABLE_PREVIEWS = YES;
				GENERATE_INFOPLIST_FILE = YES;
				INFOPLIST_FILE = DotaKeeper/Info.plist;
				INFOPLIST_KEY_UIApplicationSceneManifest_Generation = YES;
				INFOPLIST_KEY_UIApplicationSupportsIndirectInputEvents = YES;
				INFOPLIST_KEY_UILaunchScreen_Generation = YES;
				INFOPLIST_KEY_UISupportedInterfaceOrientations_iPad = "UIInterfaceOrientationPortrait UIInterfaceOrientationPortraitUpsideDown UIInterfaceOrientationLandscapeLeft UIInterfaceOrientationLandscapeRight";
				INFOPLIST_KEY_UISupportedInterfaceOrientations_iPhone = "UIInterfaceOrientationPortrait UIInterfaceOrientationLandscapeLeft UIInterfaceOrientationLandscapeRight";
				LD_RUNPATH_SEARCH_PATHS = (
					"$(inherited)",
					"@executable_path/Frameworks",
				);
				MARKETING_VERSION = 1.0;
				PRODUCT_BUNDLE_IDENTIFIER = com.sklohrm.DotaKeeper;
				PRODUCT_NAME = "$(TARGET_NAME)";
				SWIFT_EMIT_LOC_STRINGS = YES;
				SWIFT_VERSION = 5.0;
				TARGETED_DEVICE_FAMILY = "1,2";
			};
			name = Debug;
		};
		29BCFC5228D7FF34000F4B62 /* Release */ = {
			isa = XCBuildConfiguration;
			buildSettings = {
				ASSETCATALOG_COMPILER_APPICON_NAME = AppIcon;
				ASSETCATALOG_COMPILER_GLOBAL_ACCENT_COLOR_NAME = AccentColor;
				CODE_SIGN_STYLE = Automatic;
				CURRENT_PROJECT_VERSION = 1;
				DEVELOPMENT_ASSET_PATHS = "\"DotaKeeper/Preview Content\"";
				DEVELOPMENT_TEAM = ZH66DBG8Q7;
				ENABLE_PREVIEWS = YES;
				GENERATE_INFOPLIST_FILE = YES;
				INFOPLIST_FILE = DotaKeeper/Info.plist;
				INFOPLIST_KEY_UIApplicationSceneManifest_Generation = YES;
				INFOPLIST_KEY_UIApplicationSupportsIndirectInputEvents = YES;
				INFOPLIST_KEY_UILaunchScreen_Generation = YES;
				INFOPLIST_KEY_UISupportedInterfaceOrientations_iPad = "UIInterfaceOrientationPortrait UIInterfaceOrientationPortraitUpsideDown UIInterfaceOrientationLandscapeLeft UIInterfaceOrientationLandscapeRight";
				INFOPLIST_KEY_UISupportedInterfaceOrientations_iPhone = "UIInterfaceOrientationPortrait UIInterfaceOrientationLandscapeLeft UIInterfaceOrientationLandscapeRight";
				LD_RUNPATH_SEARCH_PATHS = (
					"$(inherited)",
					"@executable_path/Frameworks",
				);
				MARKETING_VERSION = 1.0;
				PRODUCT_BUNDLE_IDENTIFIER = com.sklohrm.DotaKeeper;
				PRODUCT_NAME = "$(TARGET_NAME)";
				SWIFT_EMIT_LOC_STRINGS = YES;
				SWIFT_VERSION = 5.0;
				TARGETED_DEVICE_FAMILY = "1,2";
			};
			name = Release;
		};
/* End XCBuildConfiguration section */

/* Begin XCConfigurationList section */
		29BCFC3D28D7FF34000F4B62 /* Build configuration list for PBXProject "DotaKeeper" */ = {
			isa = XCConfigurationList;
			buildConfigurations = (
				29BCFC4E28D7FF34000F4B62 /* Debug */,
				29BCFC4F28D7FF34000F4B62 /* Release */,
			);
			defaultConfigurationIsVisible = 0;
			defaultConfigurationName = Release;
		};
		29BCFC5028D7FF34000F4B62 /* Build configuration list for PBXNativeTarget "DotaKeeper" */ = {
			isa = XCConfigurationList;
			buildConfigurations = (
				29BCFC5128D7FF34000F4B62 /* Debug */,
				29BCFC5228D7FF34000F4B62 /* Release */,
			);
			defaultConfigurationIsVisible = 0;
			defaultConfigurationName = Release;
		};
/* End XCConfigurationList section */
	};
	rootObject = 29BCFC3A28D7FF34000F4B62 /* Project object */;
}
